
Microsoft Visual Studio Solution File, Format Version 12.00
# Visual Studio 15
VisualStudioVersion = 15.0.26228.9
MinimumVisualStudioVersion = 10.0.40219.1
Project("{D954291E-2A0B-460D-934E-DC6B0785DB48}") = "DeNatieApp", "DeNatieApp\DeNatieApp\DeNatieApp.shproj", "{6A5A7462-43F7-48F4-BB2F-3A05B29A417E}"
EndProject
Project("{FAE04EC0-301F-11D3-BF4B-00C04F79EFBC}") = "DeNatieApp.Android", "DeNatieApp\DeNatieApp.Android\DeNatieApp.Android.csproj", "{AD41FC2E-457C-4D8E-9D48-52D7ACB7751C}"
EndProject
Project("{FAE04EC0-301F-11D3-BF4B-00C04F79EFBC}") = "DeNatieApp.iOS", "DeNatieApp\DeNatieApp.iOS\DeNatieApp.iOS.csproj", "{2BFF8EA8-CC7C-45D4-B75D-CEE49FDA14A0}"
EndProject
Project("{FAE04EC0-301F-11D3-BF4B-00C04F79EFBC}") = "DeNatieApp.UWP", "DeNatieApp\DeNatieApp.UWP\DeNatieApp.UWP.csproj", "{8A0D78A2-D738-4222-B392-BDC066F790DC}"
EndProject
Global
	GlobalSection(SharedMSBuildProjectFiles) = preSolution
		DeNatieApp\DeNatieApp\DeNatieApp.projitems*{2bff8ea8-cc7c-45d4-b75d-cee49fda14a0}*SharedItemsImports = 4
		DeNatieApp\DeNatieApp\DeNatieApp.projitems*{6a5a7462-43f7-48f4-bb2f-3a05b29a417e}*SharedItemsImports = 13
		DeNatieApp\DeNatieApp\DeNatieApp.projitems*{8a0d78a2-d738-4222-b392-bdc066f790dc}*SharedItemsImports = 4
		DeNatieApp\DeNatieApp\DeNatieApp.projitems*{ad41fc2e-457c-4d8e-9d48-52d7acb7751c}*SharedItemsImports = 4
	EndGlobalSection
	GlobalSection(SolutionConfigurationPlatforms) = preSolution
		Ad-Hoc|Any CPU = Ad-Hoc|Any CPU
		Ad-Hoc|ARM = Ad-Hoc|ARM
		Ad-Hoc|iPhone = Ad-Hoc|iPhone
		Ad-Hoc|iPhoneSimulator = Ad-Hoc|iPhoneSimulator
		Ad-Hoc|x64 = Ad-Hoc|x64
		Ad-Hoc|x86 = Ad-Hoc|x86
		AppStore|Any CPU = AppStore|Any CPU
		AppStore|ARM = AppStore|ARM
		AppStore|iPhone = AppStore|iPhone
		AppStore|iPhoneSimulator = AppStore|iPhoneSimulator
		AppStore|x64 = AppStore|x64
		AppStore|x86 = AppStore|x86
		Debug|Any CPU = Debug|Any CPU
		Debug|ARM = Debug|ARM
		Debug|iPhone = Debug|iPhone
		Debug|iPhoneSimulator = Debug|iPhoneSimulator
		Debug|x64 = Debug|x64
		Debug|x86 = Debug|x86
		Release|Any CPU = Release|Any CPU
		Release|ARM = Release|ARM
		Release|iPhone = Release|iPhone
		Release|iPhoneSimulator = Release|iPhoneSimulator
		Release|x64 = Release|x64
		Release|x86 = Release|x86
	EndGlobalSection
	GlobalSection(ProjectConfigurationPlatforms) = postSolution
		{AD41FC2E-457C-4D8E-9D48-52D7ACB7751C}.Ad-Hoc|Any CPU.ActiveCfg = Release|Any CPU
		{AD41FC2E-457C-4D8E-9D48-52D7ACB7751C}.Ad-Hoc|Any CPU.Build.0 = Release|Any CPU
		{AD41FC2E-457C-4D8E-9D48-52D7ACB7751C}.Ad-Hoc|Any CPU.Deploy.0 = Release|Any CPU
		{AD41FC2E-457C-4D8E-9D48-52D7ACB7751C}.Ad-Hoc|ARM.ActiveCfg = Release|Any CPU
		{AD41FC2E-457C-4D8E-9D48-52D7ACB7751C}.Ad-Hoc|ARM.Build.0 = Release|Any CPU
		{AD41FC2E-457C-4D8E-9D48-52D7ACB7751C}.Ad-Hoc|ARM.Deploy.0 = Release|Any CPU
		{AD41FC2E-457C-4D8E-9D48-52D7ACB7751C}.Ad-Hoc|iPhone.ActiveCfg = Release|Any CPU
		{AD41FC2E-457C-4D8E-9D48-52D7ACB7751C}.Ad-Hoc|iPhone.Build.0 = Release|Any CPU
		{AD41FC2E-457C-4D8E-9D48-52D7ACB7751C}.Ad-Hoc|iPhone.Deploy.0 = Release|Any CPU
		{AD41FC2E-457C-4D8E-9D48-52D7ACB7751C}.Ad-Hoc|iPhoneSimulator.ActiveCfg = Release|Any CPU
		{AD41FC2E-457C-4D8E-9D48-52D7ACB7751C}.Ad-Hoc|iPhoneSimulator.Build.0 = Release|Any CPU
		{AD41FC2E-457C-4D8E-9D48-52D7ACB7751C}.Ad-Hoc|iPhoneSimulator.Deploy.0 = Release|Any CPU
		{AD41FC2E-457C-4D8E-9D48-52D7ACB7751C}.Ad-Hoc|x64.ActiveCfg = Release|Any CPU
		{AD41FC2E-457C-4D8E-9D48-52D7ACB7751C}.Ad-Hoc|x64.Build.0 = Release|Any CPU
		{AD41FC2E-457C-4D8E-9D48-52D7ACB7751C}.Ad-Hoc|x64.Deploy.0 = Release|Any CPU
		{AD41FC2E-457C-4D8E-9D48-52D7ACB7751C}.Ad-Hoc|x86.ActiveCfg = Release|Any CPU
		{AD41FC2E-457C-4D8E-9D48-52D7ACB7751C}.Ad-Hoc|x86.Build.0 = Release|Any CPU
		{AD41FC2E-457C-4D8E-9D48-52D7ACB7751C}.Ad-Hoc|x86.Deploy.0 = Release|Any CPU
		{AD41FC2E-457C-4D8E-9D48-52D7ACB7751C}.AppStore|Any CPU.ActiveCfg = Release|Any CPU
		{AD41FC2E-457C-4D8E-9D48-52D7ACB7751C}.AppStore|Any CPU.Build.0 = Release|Any CPU
		{AD41FC2E-457C-4D8E-9D48-52D7ACB7751C}.AppStore|Any CPU.Deploy.0 = Release|Any CPU
		{AD41FC2E-457C-4D8E-9D48-52D7ACB7751C}.AppStore|ARM.ActiveCfg = Release|Any CPU
		{AD41FC2E-457C-4D8E-9D48-52D7ACB7751C}.AppStore|ARM.Build.0 = Release|Any CPU
		{AD41FC2E-457C-4D8E-9D48-52D7ACB7751C}.AppStore|ARM.Deploy.0 = Release|Any CPU
		{AD41FC2E-457C-4D8E-9D48-52D7ACB7751C}.AppStore|iPhone.ActiveCfg = Release|Any CPU
		{AD41FC2E-457C-4D8E-9D48-52D7ACB7751C}.AppStore|iPhone.Build.0 = Release|Any CPU
		{AD41FC2E-457C-4D8E-9D48-52D7ACB7751C}.AppStore|iPhone.Deploy.0 = Release|Any CPU
		{AD41FC2E-457C-4D8E-9D48-52D7ACB7751C}.AppStore|iPhoneSimulator.ActiveCfg = Release|Any CPU
		{AD41FC2E-457C-4D8E-9D48-52D7ACB7751C}.AppStore|iPhoneSimulator.Build.0 = Release|Any CPU
		{AD41FC2E-457C-4D8E-9D48-52D7ACB7751C}.AppStore|iPhoneSimulator.Deploy.0 = Release|Any CPU
		{AD41FC2E-457C-4D8E-9D48-52D7ACB7751C}.AppStore|x64.ActiveCfg = Release|Any CPU
		{AD41FC2E-457C-4D8E-9D48-52D7ACB7751C}.AppStore|x64.Build.0 = Release|Any CPU
		{AD41FC2E-457C-4D8E-9D48-52D7ACB7751C}.AppStore|x64.Deploy.0 = Release|Any CPU
		{AD41FC2E-457C-4D8E-9D48-52D7ACB7751C}.AppStore|x86.ActiveCfg = Release|Any CPU
		{AD41FC2E-457C-4D8E-9D48-52D7ACB7751C}.AppStore|x86.Build.0 = Release|Any CPU
		{AD41FC2E-457C-4D8E-9D48-52D7ACB7751C}.AppStore|x86.Deploy.0 = Release|Any CPU
		{AD41FC2E-457C-4D8E-9D48-52D7ACB7751C}.Debug|Any CPU.ActiveCfg = Debug|Any CPU
		{AD41FC2E-457C-4D8E-9D48-52D7ACB7751C}.Debug|Any CPU.Build.0 = Debug|Any CPU
		{AD41FC2E-457C-4D8E-9D48-52D7ACB7751C}.Debug|Any CPU.Deploy.0 = Debug|Any CPU
		{AD41FC2E-457C-4D8E-9D48-52D7ACB7751C}.Debug|ARM.ActiveCfg = Debug|Any CPU
		{AD41FC2E-457C-4D8E-9D48-52D7ACB7751C}.Debug|ARM.Build.0 = Debug|Any CPU
		{AD41FC2E-457C-4D8E-9D48-52D7ACB7751C}.Debug|ARM.Deploy.0 = Debug|Any CPU
		{AD41FC2E-457C-4D8E-9D48-52D7ACB7751C}.Debug|iPhone.ActiveCfg = Debug|Any CPU
		{AD41FC2E-457C-4D8E-9D48-52D7ACB7751C}.Debug|iPhone.Build.0 = Debug|Any CPU
		{AD41FC2E-457C-4D8E-9D48-52D7ACB7751C}.Debug|iPhone.Deploy.0 = Debug|Any CPU
		{AD41FC2E-457C-4D8E-9D48-52D7ACB7751C}.Debug|iPhoneSimulator.ActiveCfg = Debug|Any CPU
		{AD41FC2E-457C-4D8E-9D48-52D7ACB7751C}.Debug|iPhoneSimulator.Build.0 = Debug|Any CPU
		{AD41FC2E-457C-4D8E-9D48-52D7ACB7751C}.Debug|iPhoneSimulator.Deploy.0 = Debug|Any CPU
		{AD41FC2E-457C-4D8E-9D48-52D7ACB7751C}.Debug|x64.ActiveCfg = Debug|Any CPU
		{AD41FC2E-457C-4D8E-9D48-52D7ACB7751C}.Debug|x64.Build.0 = Debug|Any CPU
		{AD41FC2E-457C-4D8E-9D48-52D7ACB7751C}.Debug|x64.Deploy.0 = Debug|Any CPU
		{AD41FC2E-457C-4D8E-9D48-52D7ACB7751C}.Debug|x86.ActiveCfg = Debug|Any CPU
		{AD41FC2E-457C-4D8E-9D48-52D7ACB7751C}.Debug|x86.Build.0 = Debug|Any CPU
		{AD41FC2E-457C-4D8E-9D48-52D7ACB7751C}.Debug|x86.Deploy.0 = Debug|Any CPU
		{AD41FC2E-457C-4D8E-9D48-52D7ACB7751C}.Release|Any CPU.ActiveCfg = Release|Any CPU
		{AD41FC2E-457C-4D8E-9D48-52D7ACB7751C}.Release|Any CPU.Build.0 = Release|Any CPU
		{AD41FC2E-457C-4D8E-9D48-52D7ACB7751C}.Release|Any CPU.Deploy.0 = Release|Any CPU
		{AD41FC2E-457C-4D8E-9D48-52D7ACB7751C}.Release|ARM.ActiveCfg = Release|Any CPU
		{AD41FC2E-457C-4D8E-9D48-52D7ACB7751C}.Release|ARM.Build.0 = Release|Any CPU
		{AD41FC2E-457C-4D8E-9D48-52D7ACB7751C}.Release|ARM.Deploy.0 = Release|Any CPU
		{AD41FC2E-457C-4D8E-9D48-52D7ACB7751C}.Release|iPhone.ActiveCfg = Release|Any CPU
		{AD41FC2E-457C-4D8E-9D48-52D7ACB7751C}.Release|iPhone.Build.0 = Release|Any CPU
		{AD41FC2E-457C-4D8E-9D48-52D7ACB7751C}.Release|iPhone.Deploy.0 = Release|Any CPU
		{AD41FC2E-457C-4D8E-9D48-52D7ACB7751C}.Release|iPhoneSimulator.ActiveCfg = Release|Any CPU
		{AD41FC2E-457C-4D8E-9D48-52D7ACB7751C}.Release|iPhoneSimulator.Build.0 = Release|Any CPU
		{AD41FC2E-457C-4D8E-9D48-52D7ACB7751C}.Release|iPhoneSimulator.Deploy.0 = Release|Any CPU
		{AD41FC2E-457C-4D8E-9D48-52D7ACB7751C}.Release|x64.ActiveCfg = Release|Any CPU
		{AD41FC2E-457C-4D8E-9D48-52D7ACB7751C}.Release|x64.Build.0 = Release|Any CPU
		{AD41FC2E-457C-4D8E-9D48-52D7ACB7751C}.Release|x64.Deploy.0 = Release|Any CPU
		{AD41FC2E-457C-4D8E-9D48-52D7ACB7751C}.Release|x86.ActiveCfg = Release|Any CPU
		{AD41FC2E-457C-4D8E-9D48-52D7ACB7751C}.Release|x86.Build.0 = Release|Any CPU
		{AD41FC2E-457C-4D8E-9D48-52D7ACB7751C}.Release|x86.Deploy.0 = Release|Any CPU
		{2BFF8EA8-CC7C-45D4-B75D-CEE49FDA14A0}.Ad-Hoc|Any CPU.ActiveCfg = Ad-Hoc|iPhone
		{2BFF8EA8-CC7C-45D4-B75D-CEE49FDA14A0}.Ad-Hoc|ARM.ActiveCfg = Ad-Hoc|iPhone
		{2BFF8EA8-CC7C-45D4-B75D-CEE49FDA14A0}.Ad-Hoc|iPhone.ActiveCfg = Ad-Hoc|iPhone
		{2BFF8EA8-CC7C-45D4-B75D-CEE49FDA14A0}.Ad-Hoc|iPhone.Build.0 = Ad-Hoc|iPhone
		{2BFF8EA8-CC7C-45D4-B75D-CEE49FDA14A0}.Ad-Hoc|iPhoneSimulator.ActiveCfg = Ad-Hoc|iPhoneSimulator
		{2BFF8EA8-CC7C-45D4-B75D-CEE49FDA14A0}.Ad-Hoc|iPhoneSimulator.Build.0 = Ad-Hoc|iPhoneSimulator
		{2BFF8EA8-CC7C-45D4-B75D-CEE49FDA14A0}.Ad-Hoc|x64.ActiveCfg = Ad-Hoc|iPhone
		{2BFF8EA8-CC7C-45D4-B75D-CEE49FDA14A0}.Ad-Hoc|x86.ActiveCfg = Ad-Hoc|iPhone
		{2BFF8EA8-CC7C-45D4-B75D-CEE49FDA14A0}.AppStore|Any CPU.ActiveCfg = AppStore|iPhone
		{2BFF8EA8-CC7C-45D4-B75D-CEE49FDA14A0}.AppStore|ARM.ActiveCfg = AppStore|iPhone
		{2BFF8EA8-CC7C-45D4-B75D-CEE49FDA14A0}.AppStore|iPhone.ActiveCfg = AppStore|iPhone
		{2BFF8EA8-CC7C-45D4-B75D-CEE49FDA14A0}.AppStore|iPhone.Build.0 = AppStore|iPhone
		{2BFF8EA8-CC7C-45D4-B75D-CEE49FDA14A0}.AppStore|iPhoneSimulator.ActiveCfg = AppStore|iPhoneSimulator
		{2BFF8EA8-CC7C-45D4-B75D-CEE49FDA14A0}.AppStore|iPhoneSimulator.Build.0 = AppStore|iPhoneSimulator
		{2BFF8EA8-CC7C-45D4-B75D-CEE49FDA14A0}.AppStore|x64.ActiveCfg = AppStore|iPhone
		{2BFF8EA8-CC7C-45D4-B75D-CEE49FDA14A0}.AppStore|x86.ActiveCfg = AppStore|iPhone
		{2BFF8EA8-CC7C-45D4-B75D-CEE49FDA14A0}.Debug|Any CPU.ActiveCfg = Debug|iPhone
		{2BFF8EA8-CC7C-45D4-B75D-CEE49FDA14A0}.Debug|ARM.ActiveCfg = Debug|iPhone
		{2BFF8EA8-CC7C-45D4-B75D-CEE49FDA14A0}.Debug|iPhone.ActiveCfg = Debug|iPhone
		{2BFF8EA8-CC7C-45D4-B75D-CEE49FDA14A0}.Debug|iPhone.Build.0 = Debug|iPhone
		{2BFF8EA8-CC7C-45D4-B75D-CEE49FDA14A0}.Debug|iPhoneSimulator.ActiveCfg = Debug|iPhoneSimulator
		{2BFF8EA8-CC7C-45D4-B75D-CEE49FDA14A0}.Debug|iPhoneSimulator.Build.0 = Debug|iPhoneSimulator
		{2BFF8EA8-CC7C-45D4-B75D-CEE49FDA14A0}.Debug|x64.ActiveCfg = Debug|iPhone
		{2BFF8EA8-CC7C-45D4-B75D-CEE49FDA14A0}.Debug|x86.ActiveCfg = Debug|iPhone
		{2BFF8EA8-CC7C-45D4-B75D-CEE49FDA14A0}.Release|Any CPU.ActiveCfg = Release|iPhone
		{2BFF8EA8-CC7C-45D4-B75D-CEE49FDA14A0}.Release|ARM.ActiveCfg = Release|iPhone
		{2BFF8EA8-CC7C-45D4-B75D-CEE49FDA14A0}.Release|iPhone.ActiveCfg = Release|iPhone
		{2BFF8EA8-CC7C-45D4-B75D-CEE49FDA14A0}.Release|iPhone.Build.0 = Release|iPhone
		{2BFF8EA8-CC7C-45D4-B75D-CEE49FDA14A0}.Release|iPhoneSimulator.ActiveCfg = Release|iPhoneSimulator
		{2BFF8EA8-CC7C-45D4-B75D-CEE49FDA14A0}.Release|iPhoneSimulator.Build.0 = Release|iPhoneSimulator
		{2BFF8EA8-CC7C-45D4-B75D-CEE49FDA14A0}.Release|x64.ActiveCfg = Release|iPhone
		{2BFF8EA8-CC7C-45D4-B75D-CEE49FDA14A0}.Release|x86.ActiveCfg = Release|iPhone
		{8A0D78A2-D738-4222-B392-BDC066F790DC}.Ad-Hoc|Any CPU.ActiveCfg = Release|x86
		{8A0D78A2-D738-4222-B392-BDC066F790DC}.Ad-Hoc|Any CPU.Build.0 = Release|x86
		{8A0D78A2-D738-4222-B392-BDC066F790DC}.Ad-Hoc|Any CPU.Deploy.0 = Release|x86
		{8A0D78A2-D738-4222-B392-BDC066F790DC}.Ad-Hoc|ARM.ActiveCfg = Release|ARM
		{8A0D78A2-D738-4222-B392-BDC066F790DC}.Ad-Hoc|ARM.Build.0 = Release|ARM
		{8A0D78A2-D738-4222-B392-BDC066F790DC}.Ad-Hoc|ARM.Deploy.0 = Release|ARM
		{8A0D78A2-D738-4222-B392-BDC066F790DC}.Ad-Hoc|iPhone.ActiveCfg = Release|x86
		{8A0D78A2-D738-4222-B392-BDC066F790DC}.Ad-Hoc|iPhone.Build.0 = Release|x86
		{8A0D78A2-D738-4222-B392-BDC066F790DC}.Ad-Hoc|iPhone.Deploy.0 = Release|x86
		{8A0D78A2-D738-4222-B392-BDC066F790DC}.Ad-Hoc|iPhoneSimulator.ActiveCfg = Release|x86
		{8A0D78A2-D738-4222-B392-BDC066F790DC}.Ad-Hoc|iPhoneSimulator.Build.0 = Release|x86
		{8A0D78A2-D738-4222-B392-BDC066F790DC}.Ad-Hoc|iPhoneSimulator.Deploy.0 = Release|x86
		{8A0D78A2-D738-4222-B392-BDC066F790DC}.Ad-Hoc|x64.ActiveCfg = Release|x64
		{8A0D78A2-D738-4222-B392-BDC066F790DC}.Ad-Hoc|x64.Build.0 = Release|x64
		{8A0D78A2-D738-4222-B392-BDC066F790DC}.Ad-Hoc|x64.Deploy.0 = Release|x64
		{8A0D78A2-D738-4222-B392-BDC066F790DC}.Ad-Hoc|x86.ActiveCfg = Release|x86
		{8A0D78A2-D738-4222-B392-BDC066F790DC}.Ad-Hoc|x86.Build.0 = Release|x86
		{8A0D78A2-D738-4222-B392-BDC066F790DC}.Ad-Hoc|x86.Deploy.0 = Release|x86
		{8A0D78A2-D738-4222-B392-BDC066F790DC}.AppStore|Any CPU.ActiveCfg = Release|x86
		{8A0D78A2-D738-4222-B392-BDC066F790DC}.AppStore|Any CPU.Build.0 = Release|x86
		{8A0D78A2-D738-4222-B392-BDC066F790DC}.AppStore|Any CPU.Deploy.0 = Release|x86
		{8A0D78A2-D738-4222-B392-BDC066F790DC}.AppStore|ARM.ActiveCfg = Release|ARM
		{8A0D78A2-D738-4222-B392-BDC066F790DC}.AppStore|ARM.Build.0 = Release|ARM
		{8A0D78A2-D738-4222-B392-BDC066F790DC}.AppStore|ARM.Deploy.0 = Release|ARM
		{8A0D78A2-D738-4222-B392-BDC066F790DC}.AppStore|iPhone.ActiveCfg = Release|x86
		{8A0D78A2-D738-4222-B392-BDC066F790DC}.AppStore|iPhone.Build.0 = Release|x86
		{8A0D78A2-D738-4222-B392-BDC066F790DC}.AppStore|iPhone.Deploy.0 = Release|x86
		{8A0D78A2-D738-4222-B392-BDC066F790DC}.AppStore|iPhoneSimulator.ActiveCfg = Release|x86
		{8A0D78A2-D738-4222-B392-BDC066F790DC}.AppStore|iPhoneSimulator.Build.0 = Release|x86
		{8A0D78A2-D738-4222-B392-BDC066F790DC}.AppStore|iPhoneSimulator.Deploy.0 = Release|x86
		{8A0D78A2-D738-4222-B392-BDC066F790DC}.AppStore|x64.ActiveCfg = Release|x64
		{8A0D78A2-D738-4222-B392-BDC066F790DC}.AppStore|x64.Build.0 = Release|x64
		{8A0D78A2-D738-4222-B392-BDC066F790DC}.AppStore|x64.Deploy.0 = Release|x64
		{8A0D78A2-D738-4222-B392-BDC066F790DC}.AppStore|x86.ActiveCfg = Release|x86
		{8A0D78A2-D738-4222-B392-BDC066F790DC}.AppStore|x86.Build.0 = Release|x86
		{8A0D78A2-D738-4222-B392-BDC066F790DC}.AppStore|x86.Deploy.0 = Release|x86
		{8A0D78A2-D738-4222-B392-BDC066F790DC}.Debug|Any CPU.ActiveCfg = Debug|x86
		{8A0D78A2-D738-4222-B392-BDC066F790DC}.Debug|ARM.ActiveCfg = Debug|ARM
		{8A0D78A2-D738-4222-B392-BDC066F790DC}.Debug|ARM.Build.0 = Debug|ARM
		{8A0D78A2-D738-4222-B392-BDC066F790DC}.Debug|ARM.Deploy.0 = Debug|ARM
		{8A0D78A2-D738-4222-B392-BDC066F790DC}.Debug|iPhone.ActiveCfg = Debug|x86
		{8A0D78A2-D738-4222-B392-BDC066F790DC}.Debug|iPhoneSimulator.ActiveCfg = Debug|x86
		{8A0D78A2-D738-4222-B392-BDC066F790DC}.Debug|x64.ActiveCfg = Debug|x64
		{8A0D78A2-D738-4222-B392-BDC066F790DC}.Debug|x64.Build.0 = Debug|x64
		{8A0D78A2-D738-4222-B392-BDC066F790DC}.Debug|x64.Deploy.0 = Debug|x64
		{8A0D78A2-D738-4222-B392-BDC066F790DC}.Debug|x86.ActiveCfg = Debug|x86
		{8A0D78A2-D738-4222-B392-BDC066F790DC}.Debug|x86.Build.0 = Debug|x86
		{8A0D78A2-D738-4222-B392-BDC066F790DC}.Debug|x86.Deploy.0 = Debug|x86
		{8A0D78A2-D738-4222-B392-BDC066F790DC}.Release|Any CPU.ActiveCfg = Release|x86
		{8A0D78A2-D738-4222-B392-BDC066F790DC}.Release|ARM.ActiveCfg = Release|ARM
		{8A0D78A2-D738-4222-B392-BDC066F790DC}.Release|ARM.Build.0 = Release|ARM
		{8A0D78A2-D738-4222-B392-BDC066F790DC}.Release|ARM.Deploy.0 = Release|ARM
		{8A0D78A2-D738-4222-B392-BDC066F790DC}.Release|iPhone.ActiveCfg = Release|x86
		{8A0D78A2-D738-4222-B392-BDC066F790DC}.Release|iPhoneSimulator.ActiveCfg = Release|x86
		{8A0D78A2-D738-4222-B392-BDC066F790DC}.Release|x64.ActiveCfg = Release|x64
		{8A0D78A2-D738-4222-B392-BDC066F790DC}.Release|x64.Build.0 = Release|x64
		{8A0D78A2-D738-4222-B392-BDC066F790DC}.Release|x64.Deploy.0 = Release|x64
		{8A0D78A2-D738-4222-B392-BDC066F790DC}.Release|x86.ActiveCfg = Release|x86
		{8A0D78A2-D738-4222-B392-BDC066F790DC}.Release|x86.Build.0 = Release|x86
		{8A0D78A2-D738-4222-B392-BDC066F790DC}.Release|x86.Deploy.0 = Release|x86
	EndGlobalSection
	GlobalSection(SolutionProperties) = preSolution
		HideSolutionNode = FALSE
	EndGlobalSection
EndGlobal
